
Microsoft Visual Studio Solution File, Format Version 12.00
# Visual Studio Version 17
VisualStudioVersion = 17.14.36327.8 d17.14
MinimumVisualStudioVersion = 10.0.40219.1
Project("{FAE04EC0-301F-11D3-BF4B-00C04F79EFBC}") = "Practic1", "Practic1\Practic1.csproj", "{23E26B26-B77A-4946-8145-4287FDA9EE75}"
EndProject
Global
	GlobalSection(SolutionConfigurationPlatforms) = preSolution
		Debug|Any CPU = Debug|Any CPU
		Release|Any CPU = Release|Any CPU
	EndGlobalSection
	GlobalSection(ProjectConfigurationPlatforms) = postSolution
		{23E26B26-B77A-4946-8145-4287FDA9EE75}.Debug|Any CPU.ActiveCfg = Debug|Any CPU
		{23E26B26-B77A-4946-8145-4287FDA9EE75}.Debug|Any CPU.Build.0 = Debug|Any CPU
		{23E26B26-B77A-4946-8145-4287FDA9EE75}.Release|Any CPU.ActiveCfg = Release|Any CPU
		{23E26B26-B77A-4946-8145-4287FDA9EE75}.Release|Any CPU.Build.0 = Release|Any CPU
	EndGlobalSection
	GlobalSection(SolutionProperties) = preSolution
		HideSolutionNode = FALSE
	EndGlobalSection
	GlobalSection(ExtensibilityGlobals) = postSolution
		SolutionGuid = {09607854-1B23-4334-A2A3-8ED5F54FAE3A}
	EndGlobalSection
EndGlobal
